
Microsoft Visual Studio Solution File, Format Version 12.00
# Visual Studio Version 17
VisualStudioVersion = 17.9.34616.47
MinimumVisualStudioVersion = 10.0.40219.1
Project("{F184B08F-C81C-45F6-A57F-5ABD9991F28F}") = "Agenda de Contatos - Manhã", "Agenda de Contatos - Manhã.vbproj", "{66F1EEEE-37FD-4597-A8C7-6E15CF7950EA}"
EndProject
Global
	GlobalSection(SolutionConfigurationPlatforms) = preSolution
		Debug|Any CPU = Debug|Any CPU
		Release|Any CPU = Release|Any CPU
	EndGlobalSection
	GlobalSection(ProjectConfigurationPlatforms) = postSolution
		{66F1EEEE-37FD-4597-A8C7-6E15CF7950EA}.Debug|Any CPU.ActiveCfg = Debug|Any CPU
		{66F1EEEE-37FD-4597-A8C7-6E15CF7950EA}.Debug|Any CPU.Build.0 = Debug|Any CPU
		{66F1EEEE-37FD-4597-A8C7-6E15CF7950EA}.Release|Any CPU.ActiveCfg = Release|Any CPU
		{66F1EEEE-37FD-4597-A8C7-6E15CF7950EA}.Release|Any CPU.Build.0 = Release|Any CPU
	EndGlobalSection
	GlobalSection(SolutionProperties) = preSolution
		HideSolutionNode = FALSE
	EndGlobalSection
	GlobalSection(ExtensibilityGlobals) = postSolution
		SolutionGuid = {21C0A826-254A-4793-B3D8-BBFD09BB7509}
	EndGlobalSection
EndGlobal
